// !$*UTF8*$!
{
	archiveVersion = 1;
	classes = {
	};
	objectVersion = 48;
	objects = {

/* Begin PBXBuildFile section */
		476DBD991FF53F3D008D02D7 /* main.swift in Sources */ = {isa = PBXBuildFile; fileRef = 476DBD981FF53F3D008D02D7 /* main.swift */; };
		476DBDA01FF53F51008D02D7 /* MergeSort.swift in Sources */ = {isa = PBXBuildFile; fileRef = 476DBD9F1FF53F51008D02D7 /* MergeSort.swift */; };
		476DBDA81FF54111008D02D7 /* MergeSortTests.swift in Sources */ = {isa = PBXBuildFile; fileRef = 476DBDA71FF54111008D02D7 /* MergeSortTests.swift */; };
		476DBDAD1FF54118008D02D7 /* MergeSort.swift in Sources */ = {isa = PBXBuildFile; fileRef = 476DBD9F1FF53F51008D02D7 /* MergeSort.swift */; };
		476DBDAF1FF5492A008D02D7 /* SimpleStruct.swift in Sources */ = {isa = PBXBuildFile; fileRef = 476DBDAE1FF5492A008D02D7 /* SimpleStruct.swift */; };
		476DBDB01FF549FF008D02D7 /* SimpleStruct.swift in Sources */ = {isa = PBXBuildFile; fileRef = 476DBDAE1FF5492A008D02D7 /* SimpleStruct.swift */; };
/* End PBXBuildFile section */

/* Begin PBXCopyFilesBuildPhase section */
		476DBD931FF53F3D008D02D7 /* CopyFiles */ = {
			isa = PBXCopyFilesBuildPhase;
			buildActionMask = 2147483647;
			dstPath = /usr/share/man/man1/;
			dstSubfolderSpec = 0;
			files = (
			);
			runOnlyForDeploymentPostprocessing = 1;
		};
/* End PBXCopyFilesBuildPhase section */

/* Begin PBXFileReference section */
		476DBD951FF53F3D008D02D7 /* MergeSort */ = {isa = PBXFileReference; explicitFileType = "compiled.mach-o.executable"; includeInIndex = 0; path = MergeSort; sourceTree = BUILT_PRODUCTS_DIR; };
		476DBD981FF53F3D008D02D7 /* main.swift */ = {isa = PBXFileReference; lastKnownFileType = sourcecode.swift; path = main.swift; sourceTree = "<group>"; };
		476DBD9F1FF53F51008D02D7 /* MergeSort.swift */ = {isa = PBXFileReference; lastKnownFileType = sourcecode.swift; path = MergeSort.swift; sourceTree = "<group>"; };
		476DBDA51FF54111008D02D7 /* MergeSortTests.xctest */ = {isa = PBXFileReference; explicitFileType = wrapper.cfbundle; includeInIndex = 0; path = MergeSortTests.xctest; sourceTree = BUILT_PRODUCTS_DIR; };
		476DBDA71FF54111008D02D7 /* MergeSortTests.swift */ = {isa = PBXFileReference; lastKnownFileType = sourcecode.swift; path = MergeSortTests.swift; sourceTree = "<group>"; };
		476DBDA91FF54111008D02D7 /* Info.plist */ = {isa = PBXFileReference; lastKnownFileType = text.plist.xml; path = Info.plist; sourceTree = "<group>"; };
		476DBDAE1FF5492A008D02D7 /* SimpleStruct.swift */ = {isa = PBXFileReference; lastKnownFileType = sourcecode.swift; path = SimpleStruct.swift; sourceTree = "<group>"; };
/* End PBXFileReference section */

/* Begin PBXFrameworksBuildPhase section */
		476DBD921FF53F3D008D02D7 /* Frameworks */ = {
			isa = PBXFrameworksBuildPhase;
			buildActionMask = 2147483647;
			files = (
			);
			runOnlyForDeploymentPostprocessing = 0;
		};
		476DBDA21FF54111008D02D7 /* Frameworks */ = {
			isa = PBXFrameworksBuildPhase;
			buildActionMask = 2147483647;
			files = (
			);
			runOnlyForDeploymentPostprocessing = 0;
		};
/* End PBXFrameworksBuildPhase section */

/* Begin PBXGroup section */
		476DBD8C1FF53F3D008D02D7 = {
			isa = PBXGroup;
			children = (
				476DBD971FF53F3D008D02D7 /* MergeSort */,
				476DBDA61FF54111008D02D7 /* MergeSortTests */,
				476DBD961FF53F3D008D02D7 /* Products */,
			);
			sourceTree = "<group>";
		};
		476DBD961FF53F3D008D02D7 /* Products */ = {
			isa = PBXGroup;
			children = (
				476DBD951FF53F3D008D02D7 /* MergeSort */,
				476DBDA51FF54111008D02D7 /* MergeSortTests.xctest */,
			);
			name = Products;
			sourceTree = "<group>";
		};
		476DBD971FF53F3D008D02D7 /* MergeSort */ = {
			isa = PBXGroup;
			children = (
				476DBD981FF53F3D008D02D7 /* main.swift */,
				476DBD9F1FF53F51008D02D7 /* MergeSort.swift */,
				476DBDAE1FF5492A008D02D7 /* SimpleStruct.swift */,
			);
			path = MergeSort;
			sourceTree = "<group>";
		};
		476DBDA61FF54111008D02D7 /* MergeSortTests */ = {
			isa = PBXGroup;
			children = (
				476DBDA71FF54111008D02D7 /* MergeSortTests.swift */,
				476DBDA91FF54111008D02D7 /* Info.plist */,
			);
			path = MergeSortTests;
			sourceTree = "<group>";
		};
/* End PBXGroup section */

/* Begin PBXNativeTarget section */
		476DBD941FF53F3D008D02D7 /* MergeSort */ = {
			isa = PBXNativeTarget;
			buildConfigurationList = 476DBD9C1FF53F3D008D02D7 /* Build configuration list for PBXNativeTarget "MergeSort" */;
			buildPhases = (
				476DBD911FF53F3D008D02D7 /* Sources */,
				476DBD921FF53F3D008D02D7 /* Frameworks */,
				476DBD931FF53F3D008D02D7 /* CopyFiles */,
			);
			buildRules = (
			);
			dependencies = (
			);
			name = MergeSort;
			productName = MergeSort;
			productReference = 476DBD951FF53F3D008D02D7 /* MergeSort */;
			productType = "com.apple.product-type.tool";
		};
		476DBDA41FF54111008D02D7 /* MergeSortTests */ = {
			isa = PBXNativeTarget;
			buildConfigurationList = 476DBDAA1FF54111008D02D7 /* Build configuration list for PBXNativeTarget "MergeSortTests" */;
			buildPhases = (
				476DBDA11FF54111008D02D7 /* Sources */,
				476DBDA21FF54111008D02D7 /* Frameworks */,
				476DBDA31FF54111008D02D7 /* Resources */,
			);
			buildRules = (
			);
			dependencies = (
			);
			name = MergeSortTests;
			productName = MergeSortTests;
			productReference = 476DBDA51FF54111008D02D7 /* MergeSortTests.xctest */;
			productType = "com.apple.product-type.bundle.unit-test";
		};
/* End PBXNativeTarget section */

/* Begin PBXProject section */
		476DBD8D1FF53F3D008D02D7 /* Project object */ = {
			isa = PBXProject;
			attributes = {
				LastSwiftUpdateCheck = 0920;
				LastUpgradeCheck = 0920;
				ORGANIZATIONNAME = "Artem Babakhaniants";
				TargetAttributes = {
					476DBD941FF53F3D008D02D7 = {
						CreatedOnToolsVersion = 9.2;
						ProvisioningStyle = Automatic;
					};
					476DBDA41FF54111008D02D7 = {
						CreatedOnToolsVersion = 9.2;
						ProvisioningStyle = Automatic;
					};
				};
			};
			buildConfigurationList = 476DBD901FF53F3D008D02D7 /* Build configuration list for PBXProject "MergeSort" */;
			compatibilityVersion = "Xcode 8.0";
			developmentRegion = en;
			hasScannedForEncodings = 0;
			knownRegions = (
				en,
			);
			mainGroup = 476DBD8C1FF53F3D008D02D7;
			productRefGroup = 476DBD961FF53F3D008D02D7 /* Products */;
			projectDirPath = "";
			projectRoot = "";
			targets = (
				476DBD941FF53F3D008D02D7 /* MergeSort */,
				476DBDA41FF54111008D02D7 /* MergeSortTests */,
			);
		};
/* End PBXProject section */

/* Begin PBXResourcesBuildPhase section */
		476DBDA31FF54111008D02D7 /* Resources */ = {
			isa = PBXResourcesBuildPhase;
			buildActionMask = 2147483647;
			files = (
			);
			runOnlyForDeploymentPostprocessing = 0;
		};
/* End PBXResourcesBuildPhase section */

/* Begin PBXSourcesBuildPhase section */
		476DBD911FF53F3D008D02D7 /* Sources */ = {
			isa = PBXSourcesBuildPhase;
			buildActionMask = 2147483647;
			files = (
				476DBDA01FF53F51008D02D7 /* MergeSort.swift in Sources */,
				476DBDAF1FF5492A008D02D7 /* SimpleStruct.swift in Sources */,
				476DBD991FF53F3D008D02D7 /* main.swift in Sources */,
			);
			runOnlyForDeploymentPostprocessing = 0;
		};
		476DBDA11FF54111008D02D7 /* Sources */ = {
			isa = PBXSourcesBuildPhase;
			buildActionMask = 2147483647;
			files = (
				476DBDAD1FF54118008D02D7 /* MergeSort.swift in Sources */,
				476DBDB01FF549FF008D02D7 /* SimpleStruct.swift in Sources */,
				476DBDA81FF54111008D02D7 /* MergeSortTests.swift in Sources */,
			);
			runOnlyForDeploymentPostprocessing = 0;
		};
/* End PBXSourcesBuildPhase section */

/* Begin XCBuildConfiguration section */
		476DBD9A1FF53F3D008D02D7 /* Debug */ = {
			isa = XCBuildConfiguration;
			buildSettings = {
				ALWAYS_SEARCH_USER_PATHS = NO;
				CLANG_ANALYZER_NONNULL = YES;
				CLANG_ANALYZER_NUMBER_OBJECT_CONVERSION = YES_AGGRESSIVE;
				CLANG_CXX_LANGUAGE_STANDARD = "gnu++14";
				CLANG_CXX_LIBRARY = "libc++";
				CLANG_ENABLE_MODULES = YES;
				CLANG_ENABLE_OBJC_ARC = YES;
				CLANG_WARN_BLOCK_CAPTURE_AUTORELEASING = YES;
				CLANG_WARN_BOOL_CONVERSION = YES;
				CLANG_WARN_COMMA = YES;
				CLANG_WARN_CONSTANT_CONVERSION = YES;
				CLANG_WARN_DIRECT_OBJC_ISA_USAGE = YES_ERROR;
				CLANG_WARN_DOCUMENTATION_COMMENTS = YES;
				CLANG_WARN_EMPTY_BODY = YES;
				CLANG_WARN_ENUM_CONVERSION = YES;
				CLANG_WARN_INFINITE_RECURSION = YES;
				CLANG_WARN_INT_CONVERSION = YES;
				CLANG_WARN_NON_LITERAL_NULL_CONVERSION = YES;
				CLANG_WARN_OBJC_LITERAL_CONVERSION = YES;
				CLANG_WARN_OBJC_ROOT_CLASS = YES_ERROR;
				CLANG_WARN_RANGE_LOOP_ANALYSIS = YES;
				CLANG_WARN_STRICT_PROTOTYPES = YES;
				CLANG_WARN_SUSPICIOUS_MOVE = YES;
				CLANG_WARN_UNGUARDED_AVAILABILITY = YES_AGGRESSIVE;
				CLANG_WARN_UNREACHABLE_CODE = YES;
				CLANG_WARN__DUPLICATE_METHOD_MATCH = YES;
				CODE_SIGN_IDENTITY = "-";
				COPY_PHASE_STRIP = NO;
				DEBUG_INFORMATION_FORMAT = dwarf;
				ENABLE_STRICT_OBJC_MSGSEND = YES;
				ENABLE_TESTABILITY = YES;
				GCC_C_LANGUAGE_STANDARD = gnu11;
				GCC_DYNAMIC_NO_PIC = NO;
				GCC_NO_COMMON_BLOCKS = YES;
				GCC_OPTIMIZATION_LEVEL = 0;
				GCC_PREPROCESSOR_DEFINITIONS = (
					"DEBUG=1",
					"$(inherited)",
				);
				GCC_WARN_64_TO_32_BIT_CONVERSION = YES;
				GCC_WARN_ABOUT_RETURN_TYPE = YES_ERROR;
				GCC_WARN_UNDECLARED_SELECTOR = YES;
				GCC_WARN_UNINITIALIZED_AUTOS = YES_AGGRESSIVE;
				GCC_WARN_UNUSED_FUNCTION = YES;
				GCC_WARN_UNUSED_VARIABLE = YES;
				MACOSX_DEPLOYMENT_TARGET = 10.12;
				MTL_ENABLE_DEBUG_INFO = YES;
				ONLY_ACTIVE_ARCH = YES;
				SDKROOT = macosx;
				SWIFT_ACTIVE_COMPILATION_CONDITIONS = DEBUG;
				SWIFT_OPTIMIZATION_LEVEL = "-Onone";
			};
			name = Debug;
		};
		476DBD9B1FF53F3D008D02D7 /* Release */ = {
			isa = XCBuildConfiguration;
			buildSettings = {
				ALWAYS_SEARCH_USER_PATHS = NO;
				CLANG_ANALYZER_NONNULL = YES;
				CLANG_ANALYZER_NUMBER_OBJECT_CONVERSION = YES_AGGRESSIVE;
				CLANG_CXX_LANGUAGE_STANDARD = "gnu++14";
				CLANG_CXX_LIBRARY = "libc++";
				CLANG_ENABLE_MODULES = YES;
				CLANG_ENABLE_OBJC_ARC = YES;
				CLANG_WARN_BLOCK_CAPTURE_AUTORELEASING = YES;
				CLANG_WARN_BOOL_CONVERSION = YES;
				CLANG_WARN_COMMA = YES;
				CLANG_WARN_CONSTANT_CONVERSION = YES;
				CLANG_WARN_DIRECT_OBJC_ISA_USAGE = YES_ERROR;
				CLANG_WARN_DOCUMENTATION_COMMENTS = YES;
				CLANG_WARN_EMPTY_BODY = YES;
				CLANG_WARN_ENUM_CONVERSION = YES;
				CLANG_WARN_INFINITE_RECURSION = YES;
				CLANG_WARN_INT_CONVERSION = YES;
				CLANG_WARN_NON_LITERAL_NULL_CONVERSION = YES;
				CLANG_WARN_OBJC_LITERAL_CONVERSION = YES;
				CLANG_WARN_OBJC_ROOT_CLASS = YES_ERROR;
				CLANG_WARN_RANGE_LOOP_ANALYSIS = YES;
				CLANG_WARN_STRICT_PROTOTYPES = YES;
				CLANG_WARN_SUSPICIOUS_MOVE = YES;
				CLANG_WARN_UNGUARDED_AVAILABILITY = YES_AGGRESSIVE;
				CLANG_WARN_UNREACHABLE_CODE = YES;
				CLANG_WARN__DUPLICATE_METHOD_MATCH = YES;
				CODE_SIGN_IDENTITY = "-";
				COPY_PHASE_STRIP = NO;
				DEBUG_INFORMATION_FORMAT = "dwarf-with-dsym";
				ENABLE_NS_ASSERTIONS = NO;
				ENABLE_STRICT_OBJC_MSGSEND = YES;
				GCC_C_LANGUAGE_STANDARD = gnu11;
				GCC_NO_COMMON_BLOCKS = YES;
				GCC_WARN_64_TO_32_BIT_CONVERSION = YES;
				GCC_WARN_ABOUT_RETURN_TYPE = YES_ERROR;
				GCC_WARN_UNDECLARED_SELECTOR = YES;
				GCC_WARN_UNINITIALIZED_AUTOS = YES_AGGRESSIVE;
				GCC_WARN_UNUSED_FUNCTION = YES;
				GCC_WARN_UNUSED_VARIABLE = YES;
				MACOSX_DEPLOYMENT_TARGET = 10.12;
				MTL_ENABLE_DEBUG_INFO = NO;
				SDKROOT = macosx;
				SWIFT_OPTIMIZATION_LEVEL = "-Owholemodule";
			};
			name = Release;
		};
		476DBD9D1FF53F3D008D02D7 /* Debug */ = {
			isa = XCBuildConfiguration;
			buildSettings = {
				CODE_SIGN_STYLE = Automatic;
				PRODUCT_NAME = "$(TARGET_NAME)";
				SWIFT_VERSION = 4.0;
			};
			name = Debug;
		};
		476DBD9E1FF53F3D008D02D7 /* Release */ = {
			isa = XCBuildConfiguration;
			buildSettings = {
				CODE_SIGN_STYLE = Automatic;
				PRODUCT_NAME = "$(TARGET_NAME)";
				SWIFT_VERSION = 4.0;
			};
			name = Release;
		};
		476DBDAB1FF54111008D02D7 /* Debug */ = {
			isa = XCBuildConfiguration;
			buildSettings = {
				CODE_SIGN_STYLE = Automatic;
				COMBINE_HIDPI_IMAGES = YES;
				INFOPLIST_FILE = MergeSortTests/Info.plist;
				LD_RUNPATH_SEARCH_PATHS = "$(inherited) @executable_path/../Frameworks @loader_path/../Frameworks";
				PRODUCT_BUNDLE_IDENTIFIER = com.babakhaniants.MergeSortTests;
				PRODUCT_NAME = "$(TARGET_NAME)";
				SWIFT_VERSION = 4.0;
			};
			name = Debug;
		};
		476DBDAC1FF54111008D02D7 /* Release */ = {
			isa = XCBuildConfiguration;
			buildSettings = {
				CODE_SIGN_STYLE = Automatic;
				COMBINE_HIDPI_IMAGES = YES;
				INFOPLIST_FILE = MergeSortTests/Info.plist;
				LD_RUNPATH_SEARCH_PATHS = "$(inherited) @executable_path/../Frameworks @loader_path/../Frameworks";
				PRODUCT_BUNDLE_IDENTIFIER = com.babakhaniants.MergeSortTests;
				PRODUCT_NAME = "$(TARGET_NAME)";
				SWIFT_VERSION = 4.0;
			};
			name = Release;
		};
/* End XCBuildConfiguration section */

/* Begin XCConfigurationList section */
		476DBD901FF53F3D008D02D7 /* Build configuration list for PBXProject "MergeSort" */ = {
			isa = XCConfigurationList;
			buildConfigurations = (
				476DBD9A1FF53F3D008D02D7 /* Debug */,
				476DBD9B1FF53F3D008D02D7 /* Release */,
			);
			defaultConfigurationIsVisible = 0;
			defaultConfigurationName = Release;
		};
		476DBD9C1FF53F3D008D02D7 /* Build configuration list for PBXNativeTarget "MergeSort" */ = {
			isa = XCConfigurationList;
			buildConfigurations = (
				476DBD9D1FF53F3D008D02D7 /* Debug */,
				476DBD9E1FF53F3D008D02D7 /* Release */,
			);
			defaultConfigurationIsVisible = 0;
			defaultConfigurationName = Release;
		};
		476DBDAA1FF54111008D02D7 /* Build configuration list for PBXNativeTarget "MergeSortTests" */ = {
			isa = XCConfigurationList;
			buildConfigurations = (
				476DBDAB1FF54111008D02D7 /* Debug */,
				476DBDAC1FF54111008D02D7 /* Release */,
			);
			defaultConfigurationIsVisible = 0;
			defaultConfigurationName = Release;
		};
/* End XCConfigurationList section */
	};
	rootObject = 476DBD8D1FF53F3D008D02D7 /* Project object */;
}
